
Microsoft Visual Studio Solution File, Format Version 12.00
# Visual Studio Version 16
VisualStudioVersion = 16.0.32126.315
MinimumVisualStudioVersion = 10.0.40219.1
Project("{FAE04EC0-301F-11D3-BF4B-00C04F79EFBC}") = "cry_locker", "cry_locker.csproj", "{B76A8519-4FBD-4564-8AED-027D1903A09A}"
EndProject
Global
	GlobalSection(SolutionConfigurationPlatforms) = preSolution
		Debug|Any CPU = Debug|Any CPU
		Debug|x64 = Debug|x64
		Release|Any CPU = Release|Any CPU
		Release|x64 = Release|x64
	EndGlobalSection
	GlobalSection(ProjectConfigurationPlatforms) = postSolution
		{B76A8519-4FBD-4564-8AED-027D1903A09A}.Debug|Any CPU.ActiveCfg = Debug|Any CPU
		{B76A8519-4FBD-4564-8AED-027D1903A09A}.Debug|Any CPU.Build.0 = Debug|Any CPU
		{B76A8519-4FBD-4564-8AED-027D1903A09A}.Debug|x64.ActiveCfg = Debug|x64
		{B76A8519-4FBD-4564-8AED-027D1903A09A}.Debug|x64.Build.0 = Debug|x64
		{B76A8519-4FBD-4564-8AED-027D1903A09A}.Release|Any CPU.ActiveCfg = Release|Any CPU
		{B76A8519-4FBD-4564-8AED-027D1903A09A}.Release|Any CPU.Build.0 = Release|Any CPU
		{B76A8519-4FBD-4564-8AED-027D1903A09A}.Release|x64.ActiveCfg = Release|x64
		{B76A8519-4FBD-4564-8AED-027D1903A09A}.Release|x64.Build.0 = Release|x64
	EndGlobalSection
	GlobalSection(SolutionProperties) = preSolution
		HideSolutionNode = FALSE
	EndGlobalSection
	GlobalSection(ExtensibilityGlobals) = postSolution
		SolutionGuid = {2BA280E3-CEF1-41C1-87D1-64AC55B61D13}
	EndGlobalSection
EndGlobal
